{
    "_meta": {
        "hash": {
            "sha256": "b1a0cadd19bc38d43d6f20fcdd1b2fb048ac168461be33fe99ffe5a4d3dc4235"
        },
        "pipfile-spec": 6,
        "requires": {
            "python_version": "3.10"
        },
        "sources": [
            {
                "name": "pypi",
                "url": "https://pypi.org/simple",
                "verify_ssl": true
            }
        ]
    },
    "default": {
        "apscheduler": {
            "hashes": [
                "sha256:3bb5229eed6fbbdafc13ce962712ae66e175aa214c69bed35a06bffcf0c5e244",
                "sha256:e8b1ecdb4c7cb2818913f766d5898183c7cb8936680710a4d3a966e02262e526"
            ],
            "version": "==3.6.3"
        },
        "cachetools": {
            "hashes": [
                "sha256:2cc0b89715337ab6dbba85b5b50effe2b0c74e035d83ee8ed637cf52f12ae001",
                "sha256:61b5ed1e22a0924aed1d23b478f37e8d52549ff8a961de2909c69bf950020cff"
            ],
            "markers": "python_version ~= '3.5'",
            "version": "==4.2.2"
        },
        "certifi": {
            "hashes": [
                "sha256:84c85a9078b11105f04f3036a9482ae10e4621616db313fe045dd24743a0820d",
                "sha256:fe86415d55e84719d75f8b69414f6438ac3547d2078ab91b67e779ef69378412"
            ],
            "markers": "python_version >= '3.6'",
            "version": "==2022.6.15"
        },
        "charset-normalizer": {
            "hashes": [
                "sha256:5a3d016c7c547f69d6f81fb0db9449ce888b418b5b9952cc5e6e66843e9dd845",
                "sha256:83e9a75d1911279afd89352c68b45348559d1fc0506b054b346651b5e7fee29f"
            ],
            "markers": "python_version >= '3.6'",
            "version": "==2.1.1"
        },
        "cycler": {
            "hashes": [
                "sha256:3a27e95f763a428a739d2add979fa7494c912a32c17c4c38c4d5f082cad165a3",
                "sha256:9c87405839a19696e837b3b818fed3f5f69f16f1eec1a1ad77e043dcea9c772f"
            ],
            "markers": "python_version >= '3.6'",
            "version": "==0.11.0"
        },
        "filecache": {
            "hashes": [
                "sha256:91ce1a42b532d0e9ad75364c13159bafc3015973d4a5a0dbf37e4b4feb194055",
                "sha256:be071ad64937b51f38b03ecd82b9b68c08d0f570cdddb30aa8f90150fe54b30a"
            ],
            "index": "pypi",
            "version": "==0.81"
        },
        "fire": {
            "hashes": [
                "sha256:c5e2b8763699d1142393a46d0e3e790c5eb2f0706082df8f647878842c216a62"
            ],
            "index": "pypi",
            "version": "==0.4.0"
        },
        "fonttools": {
            "hashes": [
                "sha256:4606e1a88ee1f6699d182fea9511bd9a8a915d913eab4584e5226da1180fcce7",
                "sha256:fff6b752e326c15756c819fe2fe7ceab69f96a1dbcfe8911d0941cdb49905007"
            ],
            "markers": "python_version >= '3.7'",
            "version": "==4.37.1"
        },
        "idna": {
            "hashes": [
                "sha256:84d9dd047ffa80596e0f246e2eab0b391788b0503584e8945f2368256d2735ff",
                "sha256:9d643ff0a55b762d5cdb124b8eaa99c66322e2157b69160bc32796e824360e6d"
            ],
            "markers": "python_version >= '3.5'",
            "version": "==3.3"
        },
        "joblib": {
            "hashes": [
                "sha256:4158fcecd13733f8be669be0683b96ebdbbd38d23559f54dca7205aea1bf1e35",
                "sha256:f21f109b3c7ff9d95f8387f752d0d9c34a02aa2f7060c2135f465da0e5160ff6"
            ],
            "markers": "python_version >= '3.6'",
            "version": "==1.1.0"
        },
        "kiwisolver": {
            "hashes": [
                "sha256:02f79693ec433cb4b5f51694e8477ae83b3205768a6fb48ffba60549080e295b",
                "sha256:03baab2d6b4a54ddbb43bba1a3a2d1627e82d205c5cf8f4c924dc49284b87166",
                "sha256:1041feb4cda8708ce73bb4dcb9ce1ccf49d553bf87c3954bdfa46f0c3f77252c",
                "sha256:10ee06759482c78bdb864f4109886dff7b8a56529bc1609d4f1112b93fe6423c",
                "sha256:1d1573129aa0fd901076e2bfb4275a35f5b7aa60fbfb984499d661ec950320b0",
                "sha256:283dffbf061a4ec60391d51e6155e372a1f7a4f5b15d59c8505339454f8989e4",
                "sha256:28bc5b299f48150b5f822ce68624e445040595a4ac3d59251703779836eceff9",
                "sha256:2a66fdfb34e05b705620dd567f5a03f239a088d5a3f321e7b6ac3239d22aa286",
                "sha256:2e307eb9bd99801f82789b44bb45e9f541961831c7311521b13a6c85afc09767",
                "sha256:2e407cb4bd5a13984a6c2c0fe1845e4e41e96f183e5e5cd4d77a857d9693494c",
                "sha256:2f5e60fabb7343a836360c4f0919b8cd0d6dbf08ad2ca6b9cf90bf0c76a3c4f6",
                "sha256:36dafec3d6d6088d34e2de6b85f9d8e2324eb734162fba59d2ba9ed7a2043d5b",
                "sha256:3fe20f63c9ecee44560d0e7f116b3a747a5d7203376abeea292ab3152334d004",
                "sha256:41dae968a94b1ef1897cb322b39360a0812661dba7c682aa45098eb8e193dbdf",
                "sha256:4bd472dbe5e136f96a4b18f295d159d7f26fd399136f5b17b08c4e5f498cd494",
                "sha256:4ea39b0ccc4f5d803e3337dd46bcce60b702be4d86fd0b3d7531ef10fd99a1ac",
                "sha256:5853eb494c71e267912275e5586fe281444eb5e722de4e131cddf9d442615626",
                "sha256:5bce61af018b0cb2055e0e72e7d65290d822d3feee430b7b8203d8a855e78766",
                "sha256:6295ecd49304dcf3bfbfa45d9a081c96509e95f4b9d0eb7ee4ec0530c4a96514",
                "sha256:62ac9cc684da4cf1778d07a89bf5f81b35834cb96ca523d3a7fb32509380cbf6",
                "sha256:70e7c2e7b750585569564e2e5ca9845acfaa5da56ac46df68414f29fea97be9f",
                "sha256:7577c1987baa3adc4b3c62c33bd1118c3ef5c8ddef36f0f2c950ae0b199e100d",
                "sha256:75facbe9606748f43428fc91a43edb46c7ff68889b91fa31f53b58894503a191",
                "sha256:787518a6789009c159453da4d6b683f468ef7a65bbde796bcea803ccf191058d",
                "sha256:78d6601aed50c74e0ef02f4204da1816147a6d3fbdc8b3872d263338a9052c51",
                "sha256:7c43e1e1206cd421cd92e6b3280d4385d41d7166b3ed577ac20444b6995a445f",
                "sha256:81e38381b782cc7e1e46c4e14cd997ee6040768101aefc8fa3c24a4cc58e98f8",
                "sha256:841293b17ad704d70c578f1f0013c890e219952169ce8a24ebc063eecf775454",
                "sha256:872b8ca05c40d309ed13eb2e582cab0c5a05e81e987ab9c521bf05ad1d5cf5cb",
                "sha256:877272cf6b4b7e94c9614f9b10140e198d2186363728ed0f701c6eee1baec1da",
                "sha256:8c808594c88a025d4e322d5bb549282c93c8e1ba71b790f539567932722d7bd8",
                "sha256:8ed58b8acf29798b036d347791141767ccf65eee7f26bde03a71c944449e53de",
                "sha256:91672bacaa030f92fc2f43b620d7b337fd9a5af28b0d6ed3f77afc43c4a64b5a",
                "sha256:968f44fdbf6dd757d12920d63b566eeb4d5b395fd2d00d29d7ef00a00582aac9",
                "sha256:9f85003f5dfa867e86d53fac6f7e6f30c045673fa27b603c397753bebadc3008",
                "sha256:a553dadda40fef6bfa1456dc4be49b113aa92c2a9a9e8711e955618cd69622e3",
                "sha256:a68b62a02953b9841730db7797422f983935aeefceb1679f0fc85cbfbd311c32",
                "sha256:abbe9fa13da955feb8202e215c4018f4bb57469b1b78c7a4c5c7b93001699938",
                "sha256:ad881edc7ccb9d65b0224f4e4d05a1e85cf62d73aab798943df6d48ab0cd79a1",
                "sha256:b1792d939ec70abe76f5054d3f36ed5656021dcad1322d1cc996d4e54165cef9",
                "sha256:b428ef021242344340460fa4c9185d0b1f66fbdbfecc6c63eff4b7c29fad429d",
                "sha256:b533558eae785e33e8c148a8d9921692a9fe5aa516efbdff8606e7d87b9d5824",
                "sha256:ba59c92039ec0a66103b1d5fe588fa546373587a7d68f5c96f743c3396afc04b",
                "sha256:bc8d3bd6c72b2dd9decf16ce70e20abcb3274ba01b4e1c96031e0c4067d1e7cd",
                "sha256:bc9db8a3efb3e403e4ecc6cd9489ea2bac94244f80c78e27c31dcc00d2790ac2",
                "sha256:bf7d9fce9bcc4752ca4a1b80aabd38f6d19009ea5cbda0e0856983cf6d0023f5",
                "sha256:c2dbb44c3f7e6c4d3487b31037b1bdbf424d97687c1747ce4ff2895795c9bf69",
                "sha256:c79ebe8f3676a4c6630fd3f777f3cfecf9289666c84e775a67d1d358578dc2e3",
                "sha256:c97528e64cb9ebeff9701e7938653a9951922f2a38bd847787d4a8e498cc83ae",
                "sha256:d0611a0a2a518464c05ddd5a3a1a0e856ccc10e67079bb17f265ad19ab3c7597",
                "sha256:d06adcfa62a4431d404c31216f0f8ac97397d799cd53800e9d3efc2fbb3cf14e",
                "sha256:d41997519fcba4a1e46eb4a2fe31bc12f0ff957b2b81bac28db24744f333e955",
                "sha256:d5b61785a9ce44e5a4b880272baa7cf6c8f48a5180c3e81c59553ba0cb0821ca",
                "sha256:da152d8cdcab0e56e4f45eb08b9aea6455845ec83172092f09b0e077ece2cf7a",
                "sha256:da7e547706e69e45d95e116e6939488d62174e033b763ab1496b4c29b76fabea",
                "sha256:db5283d90da4174865d520e7366801a93777201e91e79bacbac6e6927cbceede",
                "sha256:db608a6757adabb32f1cfe6066e39b3706d8c3aa69bbc353a5b61edad36a5cb4",
                "sha256:e0ea21f66820452a3f5d1655f8704a60d66ba1191359b96541eaf457710a5fc6",
                "sha256:e7da3fec7408813a7cebc9e4ec55afed2d0fd65c4754bc376bf03498d4e92686",
                "sha256:e92a513161077b53447160b9bd8f522edfbed4bd9759e4c18ab05d7ef7e49408",
                "sha256:ecb1fa0db7bf4cff9dac752abb19505a233c7f16684c5826d1f11ebd9472b871",
                "sha256:efda5fc8cc1c61e4f639b8067d118e742b812c930f708e6667a5ce0d13499e29",
                "sha256:f0a1dbdb5ecbef0d34eb77e56fcb3e95bbd7e50835d9782a45df81cc46949750",
                "sha256:f0a71d85ecdd570ded8ac3d1c0f480842f49a40beb423bb8014539a9f32a5897",
                "sha256:f4f270de01dd3e129a72efad823da90cc4d6aafb64c410c9033aba70db9f1ff0",
                "sha256:f6cb459eea32a4e2cf18ba5fcece2dbdf496384413bc1bae15583f19e567f3b2",
                "sha256:f8ad8285b01b0d4695102546b342b493b3ccc6781fc28c8c6a1bb63e95d22f09",
                "sha256:f9f39e2f049db33a908319cf46624a569b36983c7c78318e9726a4cb8923b26c"
            ],
            "markers": "python_version >= '3.7'",
            "version": "==1.4.4"
        },
        "lxml": {
            "hashes": [
                "sha256:04da965dfebb5dac2619cb90fcf93efdb35b3c6994fea58a157a834f2f94b318",
                "sha256:0538747a9d7827ce3e16a8fdd201a99e661c7dee3c96c885d8ecba3c35d1032c",
                "sha256:0645e934e940107e2fdbe7c5b6fb8ec6232444260752598bc4d09511bd056c0b",
                "sha256:079b68f197c796e42aa80b1f739f058dcee796dc725cc9a1be0cdb08fc45b000",
                "sha256:0f3f0059891d3254c7b5fb935330d6db38d6519ecd238ca4fce93c234b4a0f73",
                "sha256:10d2017f9150248563bb579cd0d07c61c58da85c922b780060dcc9a3aa9f432d",
                "sha256:1355755b62c28950f9ce123c7a41460ed9743c699905cbe664a5bcc5c9c7c7fb",
                "sha256:13c90064b224e10c14dcdf8086688d3f0e612db53766e7478d7754703295c7c8",
                "sha256:1423631e3d51008871299525b541413c9b6c6423593e89f9c4cfbe8460afc0a2",
                "sha256:1436cf0063bba7888e43f1ba8d58824f085410ea2025befe81150aceb123e345",
                "sha256:1a7c59c6ffd6ef5db362b798f350e24ab2cfa5700d53ac6681918f314a4d3b94",
                "sha256:1e1cf47774373777936c5aabad489fef7b1c087dcd1f426b621fda9dcc12994e",
                "sha256:206a51077773c6c5d2ce1991327cda719063a47adc02bd703c56a662cdb6c58b",
                "sha256:21fb3d24ab430fc538a96e9fbb9b150029914805d551deeac7d7822f64631dfc",
                "sha256:27e590352c76156f50f538dbcebd1925317a0f70540f7dc8c97d2931c595783a",
                "sha256:287605bede6bd36e930577c5925fcea17cb30453d96a7b4c63c14a257118dbb9",
                "sha256:2aaf6a0a6465d39b5ca69688fce82d20088c1838534982996ec46633dc7ad6cc",
                "sha256:32a73c53783becdb7eaf75a2a1525ea8e49379fb7248c3eeefb9412123536387",
                "sha256:41fb58868b816c202e8881fd0f179a4644ce6e7cbbb248ef0283a34b73ec73bb",
                "sha256:4780677767dd52b99f0af1f123bc2c22873d30b474aa0e2fc3fe5e02217687c7",
                "sha256:4878e667ebabe9b65e785ac8da4d48886fe81193a84bbe49f12acff8f7a383a4",
                "sha256:487c8e61d7acc50b8be82bda8c8d21d20e133c3cbf41bd8ad7eb1aaeb3f07c97",
                "sha256:4beea0f31491bc086991b97517b9683e5cfb369205dac0148ef685ac12a20a67",
                "sha256:4cfbe42c686f33944e12f45a27d25a492cc0e43e1dc1da5d6a87cbcaf2e95627",
                "sha256:4d5bae0a37af799207140652a700f21a85946f107a199bcb06720b13a4f1f0b7",
                "sha256:4e285b5f2bf321fc0857b491b5028c5f276ec0c873b985d58d7748ece1d770dd",
                "sha256:57e4d637258703d14171b54203fd6822fda218c6c2658a7d30816b10995f29f3",
                "sha256:5974895115737a74a00b321e339b9c3f45c20275d226398ae79ac008d908bff7",
                "sha256:5ef87fca280fb15342726bd5f980f6faf8b84a5287fcc2d4962ea8af88b35130",
                "sha256:603a464c2e67d8a546ddaa206d98e3246e5db05594b97db844c2f0a1af37cf5b",
                "sha256:6653071f4f9bac46fbc30f3c7838b0e9063ee335908c5d61fb7a4a86c8fd2036",
                "sha256:6ca2264f341dd81e41f3fffecec6e446aa2121e0b8d026fb5130e02de1402785",
                "sha256:6d279033bf614953c3fc4a0aa9ac33a21e8044ca72d4fa8b9273fe75359d5cca",
                "sha256:6d949f53ad4fc7cf02c44d6678e7ff05ec5f5552b235b9e136bd52e9bf730b91",
                "sha256:6daa662aba22ef3258934105be2dd9afa5bb45748f4f702a3b39a5bf53a1f4dc",
                "sha256:6eafc048ea3f1b3c136c71a86db393be36b5b3d9c87b1c25204e7d397cee9536",
                "sha256:830c88747dce8a3e7525defa68afd742b4580df6aa2fdd6f0855481e3994d391",
                "sha256:86e92728ef3fc842c50a5cb1d5ba2bc66db7da08a7af53fb3da79e202d1b2cd3",
                "sha256:8caf4d16b31961e964c62194ea3e26a0e9561cdf72eecb1781458b67ec83423d",
                "sha256:8d1a92d8e90b286d491e5626af53afef2ba04da33e82e30744795c71880eaa21",
                "sha256:8f0a4d179c9a941eb80c3a63cdb495e539e064f8054230844dcf2fcb812b71d3",
                "sha256:9232b09f5efee6a495a99ae6824881940d6447debe272ea400c02e3b68aad85d",
                "sha256:927a9dd016d6033bc12e0bf5dee1dde140235fc8d0d51099353c76081c03dc29",
                "sha256:93e414e3206779ef41e5ff2448067213febf260ba747fc65389a3ddaa3fb8715",
                "sha256:98cafc618614d72b02185ac583c6f7796202062c41d2eeecdf07820bad3295ed",
                "sha256:9c3a88d20e4fe4a2a4a84bf439a5ac9c9aba400b85244c63a1ab7088f85d9d25",
                "sha256:9f36de4cd0c262dd9927886cc2305aa3f2210db437aa4fed3fb4940b8bf4592c",
                "sha256:a60f90bba4c37962cbf210f0188ecca87daafdf60271f4c6948606e4dabf8785",
                "sha256:a614e4afed58c14254e67862456d212c4dcceebab2eaa44d627c2ca04bf86837",
                "sha256:ae06c1e4bc60ee076292e582a7512f304abdf6c70db59b56745cca1684f875a4",
                "sha256:b122a188cd292c4d2fcd78d04f863b789ef43aa129b233d7c9004de08693728b",
                "sha256:b570da8cd0012f4af9fa76a5635cd31f707473e65a5a335b186069d5c7121ff2",
                "sha256:bcaa1c495ce623966d9fc8a187da80082334236a2a1c7e141763ffaf7a405067",
                "sha256:bd34f6d1810d9354dc7e35158aa6cc33456be7706df4420819af6ed966e85448",
                "sha256:be9eb06489bc975c38706902cbc6888f39e946b81383abc2838d186f0e8b6a9d",
                "sha256:c4b2e0559b68455c085fb0f6178e9752c4be3bba104d6e881eb5573b399d1eb2",
                "sha256:c62e8dd9754b7debda0c5ba59d34509c4688f853588d75b53c3791983faa96fc",
                "sha256:c852b1530083a620cb0de5f3cd6826f19862bafeaf77586f1aef326e49d95f0c",
                "sha256:d9fc0bf3ff86c17348dfc5d322f627d78273eba545db865c3cd14b3f19e57fa5",
                "sha256:dad7b164905d3e534883281c050180afcf1e230c3d4a54e8038aa5cfcf312b84",
                "sha256:e5f66bdf0976ec667fc4594d2812a00b07ed14d1b44259d19a41ae3fff99f2b8",
                "sha256:e8f0c9d65da595cfe91713bc1222af9ecabd37971762cb830dea2fc3b3bb2acf",
                "sha256:edffbe3c510d8f4bf8640e02ca019e48a9b72357318383ca60e3330c23aaffc7",
                "sha256:eea5d6443b093e1545ad0210e6cf27f920482bfcf5c77cdc8596aec73523bb7e",
                "sha256:ef72013e20dd5ba86a8ae1aed7f56f31d3374189aa8b433e7b12ad182c0d2dfb",
                "sha256:f05251bbc2145349b8d0b77c0d4e5f3b228418807b1ee27cefb11f69ed3d233b",
                "sha256:f1be258c4d3dc609e654a1dc59d37b17d7fef05df912c01fc2e15eb43a9735f3",
                "sha256:f9ced82717c7ec65a67667bb05865ffe38af0e835cdd78728f1209c8fffe0cad",
                "sha256:fe17d10b97fdf58155f858606bddb4e037b805a60ae023c009f760d8361a4eb8",
                "sha256:fe749b052bb7233fe5d072fcb549221a8cb1a16725c47c37e42b0b9cb3ff2c3f"
            ],
            "markers": "python_version >= '2.7' and python_version not in '3.0, 3.1, 3.2, 3.3, 3.4'",
            "version": "==4.9.1"
        },
        "matplotlib": {
            "hashes": [
                "sha256:0bcdfcb0f976e1bac6721d7d457c17be23cf7501f977b6a38f9d38a3762841f7",
                "sha256:1e64ac9be9da6bfff0a732e62116484b93b02a0b4d4b19934fb4f8e7ad26ad6a",
                "sha256:22227c976ad4dc8c5a5057540421f0d8708c6560744ad2ad638d48e2984e1dbc",
                "sha256:2886cc009f40e2984c083687251821f305d811d38e3df8ded414265e4583f0c5",
                "sha256:2e6d184ebe291b9e8f7e78bbab7987d269c38ea3e062eace1fe7d898042ef804",
                "sha256:3211ba82b9f1518d346f6309df137b50c3dc4421b4ed4815d1d7eadc617f45a1",
                "sha256:339cac48b80ddbc8bfd05daae0a3a73414651a8596904c2a881cfd1edb65f26c",
                "sha256:35a8ad4dddebd51f94c5d24bec689ec0ec66173bf614374a1244c6241c1595e0",
                "sha256:3b4fa56159dc3c7f9250df88f653f085068bcd32dcd38e479bba58909254af7f",
                "sha256:43e9d3fa077bf0cc95ded13d331d2156f9973dce17c6f0c8b49ccd57af94dbd9",
                "sha256:57f1b4e69f438a99bb64d7f2c340db1b096b41ebaa515cf61ea72624279220ce",
                "sha256:5c096363b206a3caf43773abebdbb5a23ea13faef71d701b21a9c27fdcef72f4",
                "sha256:6bb93a0492d68461bd458eba878f52fdc8ac7bdb6c4acdfe43dba684787838c2",
                "sha256:6ea6aef5c4338e58d8d376068e28f80a24f54e69f09479d1c90b7172bad9f25b",
                "sha256:6fe807e8a22620b4cd95cfbc795ba310dc80151d43b037257250faf0bfcd82bc",
                "sha256:73dd93dc35c85dece610cca8358003bf0760d7986f70b223e2306b4ea6d1406b",
                "sha256:839d47b8ead7ad9669aaacdbc03f29656dc21f0d41a6fea2d473d856c39c8b1c",
                "sha256:874df7505ba820e0400e7091199decf3ff1fde0583652120c50cd60d5820ca9a",
                "sha256:879c7e5fce4939c6aa04581dfe08d57eb6102a71f2e202e3314d5fbc072fd5a0",
                "sha256:94ff86af56a3869a4ae26a9637a849effd7643858a1a04dd5ee50e9ab75069a7",
                "sha256:99482b83ebf4eb6d5fc6813d7aacdefdd480f0d9c0b52dcf9f1cc3b2c4b3361a",
                "sha256:9ab29589cef03bc88acfa3a1490359000c18186fc30374d8aa77d33cc4a51a4a",
                "sha256:9befa5954cdbc085e37d974ff6053da269474177921dd61facdad8023c4aeb51",
                "sha256:a206a1b762b39398efea838f528b3a6d60cdb26fe9d58b48265787e29cd1d693",
                "sha256:ab8d26f07fe64f6f6736d635cce7bfd7f625320490ed5bfc347f2cdb4fae0e56",
                "sha256:b28de401d928890187c589036857a270a032961411934bdac4cf12dde3d43094",
                "sha256:b428076a55fb1c084c76cb93e68006f27d247169f056412607c5c88828d08f88",
                "sha256:bf618a825deb6205f015df6dfe6167a5d9b351203b03fab82043ae1d30f16511",
                "sha256:c995f7d9568f18b5db131ab124c64e51b6820a92d10246d4f2b3f3a66698a15b",
                "sha256:cd45a6f3e93a780185f70f05cf2a383daed13c3489233faad83e81720f7ede24",
                "sha256:d2484b350bf3d32cae43f85dcfc89b3ed7bd2bcd781ef351f93eb6fb2cc483f9",
                "sha256:d62880e1f60e5a30a2a8484432bcb3a5056969dc97258d7326ad465feb7ae069",
                "sha256:dacddf5bfcec60e3f26ec5c0ae3d0274853a258b6c3fc5ef2f06a8eb23e042be",
                "sha256:f3840c280ebc87a48488a46f760ea1c0c0c83fcf7abbe2e6baf99d033fd35fd8",
                "sha256:f814504e459c68118bf2246a530ed953ebd18213dc20e3da524174d84ed010b2"
            ],
            "index": "pypi",
            "version": "==3.5.3"
        },
        "numpy": {
            "hashes": [
                "sha256:17e5226674f6ea79e14e3b91bfbc153fdf3ac13f5cc54ee7bc8fdbe820a32da0",
                "sha256:2bd879d3ca4b6f39b7770829f73278b7c5e248c91d538aab1e506c628353e47f",
                "sha256:4f41f5bf20d9a521f8cab3a34557cd77b6f205ab2116651f12959714494268b0",
                "sha256:5593f67e66dea4e237f5af998d31a43e447786b2154ba1ad833676c788f37cde",
                "sha256:5e28cd64624dc2354a349152599e55308eb6ca95a13ce6a7d5679ebff2962913",
                "sha256:633679a472934b1c20a12ed0c9a6c9eb167fbb4cb89031939bfd03dd9dbc62b8",
                "sha256:806970e69106556d1dd200e26647e9bee5e2b3f1814f9da104a943e8d548ca38",
                "sha256:806cc25d5c43e240db709875e947076b2826f47c2c340a5a2f36da5bb10c58d6",
                "sha256:8247f01c4721479e482cc2f9f7d973f3f47810cbc8c65e38fd1bbd3141cc9842",
                "sha256:8ebf7e194b89bc66b78475bd3624d92980fca4e5bb86dda08d677d786fefc414",
                "sha256:8ecb818231afe5f0f568c81f12ce50f2b828ff2b27487520d85eb44c71313b9e",
                "sha256:8f9d84a24889ebb4c641a9b99e54adb8cab50972f0166a3abc14c3b93163f074",
                "sha256:909c56c4d4341ec8315291a105169d8aae732cfb4c250fbc375a1efb7a844f8f",
                "sha256:9b83d48e464f393d46e8dd8171687394d39bc5abfe2978896b77dc2604e8635d",
                "sha256:ac987b35df8c2a2eab495ee206658117e9ce867acf3ccb376a19e83070e69418",
                "sha256:b78d00e48261fbbd04aa0d7427cf78d18401ee0abd89c7559bbf422e5b1c7d01",
                "sha256:b8b97a8a87cadcd3f94659b4ef6ec056261fa1e1c3317f4193ac231d4df70215",
                "sha256:bd5b7ccae24e3d8501ee5563e82febc1771e73bd268eef82a1e8d2b4d556ae66",
                "sha256:bdc02c0235b261925102b1bd586579b7158e9d0d07ecb61148a1799214a4afd5",
                "sha256:be6b350dfbc7f708d9d853663772a9310783ea58f6035eec649fb9c4371b5389",
                "sha256:c403c81bb8ffb1c993d0165a11493fd4bf1353d258f6997b3ee288b0a48fce77",
                "sha256:cf8c6aed12a935abf2e290860af8e77b26a042eb7f2582ff83dc7ed5f963340c",
                "sha256:d98addfd3c8728ee8b2c49126f3c44c703e2b005d4a95998e2167af176a9e722",
                "sha256:dc76bca1ca98f4b122114435f83f1fcf3c0fe48e4e6f660e07996abf2f53903c",
                "sha256:dec198619b7dbd6db58603cd256e092bcadef22a796f778bf87f8592b468441d",
                "sha256:df28dda02c9328e122661f399f7655cdcbcf22ea42daa3650a26bce08a187450",
                "sha256:e603ca1fb47b913942f3e660a15e55a9ebca906857edfea476ae5f0fe9b457d5",
                "sha256:ecfdd68d334a6b97472ed032b5b37a30d8217c097acfff15e8452c710e775524"
            ],
            "index": "pypi",
            "version": "==1.23.2"
        },
        "packaging": {
            "hashes": [
                "sha256:dd47c42927d89ab911e606518907cc2d3a1f38bbd026385970643f9c5b8ecfeb",
                "sha256:ef103e05f519cdc783ae24ea4e2e0f508a9c99b2d4969652eed6a2e1ea5bd522"
            ],
            "markers": "python_version >= '3.6'",
            "version": "==21.3"
        },
        "pandas": {
            "hashes": [
                "sha256:07238a58d7cbc8a004855ade7b75bbd22c0db4b0ffccc721556bab8a095515f6",
                "sha256:0daf876dba6c622154b2e6741f29e87161f844e64f84801554f879d27ba63c0d",
                "sha256:16ad23db55efcc93fa878f7837267973b61ea85d244fc5ff0ccbcfa5638706c5",
                "sha256:1d9382f72a4f0e93909feece6fef5500e838ce1c355a581b3d8f259839f2ea76",
                "sha256:24ea75f47bbd5574675dae21d51779a4948715416413b30614c1e8b480909f81",
                "sha256:2893e923472a5e090c2d5e8db83e8f907364ec048572084c7d10ef93546be6d1",
                "sha256:2ff7788468e75917574f080cd4681b27e1a7bf36461fe968b49a87b5a54d007c",
                "sha256:41fc406e374590a3d492325b889a2686b31e7a7780bec83db2512988550dadbf",
                "sha256:48350592665ea3cbcd07efc8c12ff12d89be09cd47231c7925e3b8afada9d50d",
                "sha256:605d572126eb4ab2eadf5c59d5d69f0608df2bf7bcad5c5880a47a20a0699e3e",
                "sha256:6dfbf16b1ea4f4d0ee11084d9c026340514d1d30270eaa82a9f1297b6c8ecbf0",
                "sha256:6f803320c9da732cc79210d7e8cc5c8019aad512589c910c66529eb1b1818230",
                "sha256:721a3dd2f06ef942f83a819c0f3f6a648b2830b191a72bbe9451bcd49c3bd42e",
                "sha256:755679c49460bd0d2f837ab99f0a26948e68fa0718b7e42afbabd074d945bf84",
                "sha256:78b00429161ccb0da252229bcda8010b445c4bf924e721265bec5a6e96a92e92",
                "sha256:958a0588149190c22cdebbc0797e01972950c927a11a900fe6c2296f207b1d6f",
                "sha256:a3924692160e3d847e18702bb048dc38e0e13411d2b503fecb1adf0fcf950ba4",
                "sha256:d51674ed8e2551ef7773820ef5dab9322be0828629f2cbf8d1fc31a0c4fed640",
                "sha256:d5ebc990bd34f4ac3c73a2724c2dcc9ee7bf1ce6cf08e87bb25c6ad33507e318",
                "sha256:d6c0106415ff1a10c326c49bc5dd9ea8b9897a6ca0c8688eb9c30ddec49535ef",
                "sha256:e48fbb64165cda451c06a0f9e4c7a16b534fcabd32546d531b3c240ce2844112"
            ],
            "index": "pypi",
            "version": "==1.4.3"
        },
        "pillow": {
            "hashes": [
                "sha256:0030fdbd926fb85844b8b92e2f9449ba89607231d3dd597a21ae72dc7fe26927",
                "sha256:030e3460861488e249731c3e7ab59b07c7853838ff3b8e16aac9561bb345da14",
                "sha256:0ed2c4ef2451de908c90436d6e8092e13a43992f1860275b4d8082667fbb2ffc",
                "sha256:136659638f61a251e8ed3b331fc6ccd124590eeff539de57c5f80ef3a9594e58",
                "sha256:13b725463f32df1bfeacbf3dd197fb358ae8ebcd8c5548faa75126ea425ccb60",
                "sha256:1536ad017a9f789430fb6b8be8bf99d2f214c76502becc196c6f2d9a75b01b76",
                "sha256:15928f824870535c85dbf949c09d6ae7d3d6ac2d6efec80f3227f73eefba741c",
                "sha256:17d4cafe22f050b46d983b71c707162d63d796a1235cdf8b9d7a112e97b15bac",
                "sha256:1802f34298f5ba11d55e5bb09c31997dc0c6aed919658dfdf0198a2fe75d5490",
                "sha256:1cc1d2451e8a3b4bfdb9caf745b58e6c7a77d2e469159b0d527a4554d73694d1",
                "sha256:1fd6f5e3c0e4697fa7eb45b6e93996299f3feee73a3175fa451f49a74d092b9f",
                "sha256:254164c57bab4b459f14c64e93df11eff5ded575192c294a0c49270f22c5d93d",
                "sha256:2ad0d4df0f5ef2247e27fc790d5c9b5a0af8ade9ba340db4a73bb1a4a3e5fb4f",
                "sha256:2c58b24e3a63efd22554c676d81b0e57f80e0a7d3a5874a7e14ce90ec40d3069",
                "sha256:2d33a11f601213dcd5718109c09a52c2a1c893e7461f0be2d6febc2879ec2402",
                "sha256:337a74fd2f291c607d220c793a8135273c4c2ab001b03e601c36766005f36885",
                "sha256:37ff6b522a26d0538b753f0b4e8e164fdada12db6c6f00f62145d732d8a3152e",
                "sha256:3d1f14f5f691f55e1b47f824ca4fdcb4b19b4323fe43cc7bb105988cad7496be",
                "sha256:408673ed75594933714482501fe97e055a42996087eeca7e5d06e33218d05aa8",
                "sha256:4134d3f1ba5f15027ff5c04296f13328fecd46921424084516bdb1b2548e66ff",
                "sha256:4ad2f835e0ad81d1689f1b7e3fbac7b01bb8777d5a985c8962bedee0cc6d43da",
                "sha256:50dff9cc21826d2977ef2d2a205504034e3a4563ca6f5db739b0d1026658e004",
                "sha256:510cef4a3f401c246cfd8227b300828715dd055463cdca6176c2e4036df8bd4f",
                "sha256:5aed7dde98403cd91d86a1115c78d8145c83078e864c1de1064f52e6feb61b20",
                "sha256:69bd1a15d7ba3694631e00df8de65a8cb031911ca11f44929c97fe05eb9b6c1d",
                "sha256:6bf088c1ce160f50ea40764f825ec9b72ed9da25346216b91361eef8ad1b8f8c",
                "sha256:6e8c66f70fb539301e064f6478d7453e820d8a2c631da948a23384865cd95544",
                "sha256:727dd1389bc5cb9827cbd1f9d40d2c2a1a0c9b32dd2261db522d22a604a6eec9",
                "sha256:74a04183e6e64930b667d321524e3c5361094bb4af9083db5c301db64cd341f3",
                "sha256:75e636fd3e0fb872693f23ccb8a5ff2cd578801251f3a4f6854c6a5d437d3c04",
                "sha256:7761afe0126d046974a01e030ae7529ed0ca6a196de3ec6937c11df0df1bc91c",
                "sha256:7888310f6214f19ab2b6df90f3f06afa3df7ef7355fc025e78a3044737fab1f5",
                "sha256:7b0554af24df2bf96618dac71ddada02420f946be943b181108cac55a7a2dcd4",
                "sha256:7c7b502bc34f6e32ba022b4a209638f9e097d7a9098104ae420eb8186217ebbb",
                "sha256:808add66ea764ed97d44dda1ac4f2cfec4c1867d9efb16a33d158be79f32b8a4",
                "sha256:831e648102c82f152e14c1a0938689dbb22480c548c8d4b8b248b3e50967b88c",
                "sha256:93689632949aff41199090eff5474f3990b6823404e45d66a5d44304e9cdc467",
                "sha256:96b5e6874431df16aee0c1ba237574cb6dff1dcb173798faa6a9d8b399a05d0e",
                "sha256:9a54614049a18a2d6fe156e68e188da02a046a4a93cf24f373bffd977e943421",
                "sha256:a138441e95562b3c078746a22f8fca8ff1c22c014f856278bdbdd89ca36cff1b",
                "sha256:a647c0d4478b995c5e54615a2e5360ccedd2f85e70ab57fbe817ca613d5e63b8",
                "sha256:a9c9bc489f8ab30906d7a85afac4b4944a572a7432e00698a7239f44a44e6efb",
                "sha256:ad2277b185ebce47a63f4dc6302e30f05762b688f8dc3de55dbae4651872cdf3",
                "sha256:b6d5e92df2b77665e07ddb2e4dbd6d644b78e4c0d2e9272a852627cdba0d75cf",
                "sha256:bc431b065722a5ad1dfb4df354fb9333b7a582a5ee39a90e6ffff688d72f27a1",
                "sha256:bdd0de2d64688ecae88dd8935012c4a72681e5df632af903a1dca8c5e7aa871a",
                "sha256:c79698d4cd9318d9481d89a77e2d3fcaeff5486be641e60a4b49f3d2ecca4e28",
                "sha256:cb6259196a589123d755380b65127ddc60f4c64b21fc3bb46ce3a6ea663659b0",
                "sha256:d5b87da55a08acb586bad5c3aa3b86505f559b84f39035b233d5bf844b0834b1",
                "sha256:dcd7b9c7139dc8258d164b55696ecd16c04607f1cc33ba7af86613881ffe4ac8",
                "sha256:dfe4c1fedfde4e2fbc009d5ad420647f7730d719786388b7de0999bf32c0d9fd",
                "sha256:ea98f633d45f7e815db648fd7ff0f19e328302ac36427343e4432c84432e7ff4",
                "sha256:ec52c351b35ca269cb1f8069d610fc45c5bd38c3e91f9ab4cbbf0aebc136d9c8",
                "sha256:eef7592281f7c174d3d6cbfbb7ee5984a671fcd77e3fc78e973d492e9bf0eb3f",
                "sha256:f07f1f00e22b231dd3d9b9208692042e29792d6bd4f6639415d2f23158a80013",
                "sha256:f3fac744f9b540148fa7715a435d2283b71f68bfb6d4aae24482a890aed18b59",
                "sha256:fa768eff5f9f958270b081bb33581b4b569faabf8774726b283edb06617101dc",
                "sha256:fac2d65901fb0fdf20363fbd345c01958a742f2dc62a8dd4495af66e3ff502a4"
            ],
            "markers": "python_version >= '3.7'",
            "version": "==9.2.0"
        },
        "pyfiglet": {
            "hashes": [
                "sha256:c6c2321755d09267b438ec7b936825a4910fec696292139e664ca8670e103639",
                "sha256:d555bcea17fbeaf70eaefa48bb119352487e629c9b56f30f383e2c62dd67a01c"
            ],
            "index": "pypi",
            "version": "==0.8.post1"
        },
        "pyparsing": {
            "hashes": [
                "sha256:2b020ecf7d21b687f219b71ecad3631f644a47f01403fa1d1036b0c6416d70fb",
                "sha256:5026bae9a10eeaefb61dab2f09052b9f4307d44aee4eda64b309723d8d206bbc"
            ],
            "markers": "python_full_version >= '3.6.8'",
            "version": "==3.0.9"
        },
        "python-dateutil": {
            "hashes": [
                "sha256:0123cacc1627ae19ddf3c27a5de5bd67ee4586fbdd6440d9748f8abb483d3e86",
                "sha256:961d03dc3453ebbc59dbdea9e4e11c5651520a876d0f4db161e8674aae935da9"
            ],
            "markers": "python_version >= '2.7' and python_version not in '3.0, 3.1, 3.2, 3.3'",
            "version": "==2.8.2"
        },
        "python-telegram-bot": {
            "hashes": [
                "sha256:13f83ec4433f24a67e7a2df0206dfde83c1627c92880a2fcf95a83585b3cc589",
                "sha256:4296d81a38b7e5ef1f9795651128e58fb354678b8dc4db93ca166c96828c57b2"
            ],
            "index": "pypi",
            "version": "==13.13"
        },
        "pytrends": {
            "hashes": [
                "sha256:04b7b33eb6dfc120aa89cb4640688a8b633337276b6ddcea44ff0c7f6b6243d2",
                "sha256:31a76cf560a23a9eb691a9a83a3306bbe555ed1665122a5756e789829f56a0ef"
            ],
            "index": "pypi",
            "version": "==4.8.0"
        },
        "pytz": {
            "hashes": [
                "sha256:220f481bdafa09c3955dfbdddb7b57780e9a94f5127e35456a48589b9e0c0197",
                "sha256:cea221417204f2d1a2aa03ddae3e867921971d0d76f14d87abb4414415bbdcf5"
            ],
            "version": "==2022.2.1"
        },
        "pytz-deprecation-shim": {
            "hashes": [
                "sha256:8314c9692a636c8eb3bda879b9f119e350e93223ae83e70e80c31675a0fdc1a6",
                "sha256:af097bae1b616dde5c5744441e2ddc69e74dfdcb0c263129610d85b87445a59d"
            ],
            "markers": "python_version >= '2.7' and python_version not in '3.0, 3.1, 3.2, 3.3, 3.4, 3.5'",
            "version": "==0.1.0.post0"
        },
        "requests": {
            "hashes": [
                "sha256:7c5599b102feddaa661c826c56ab4fee28bfd17f5abca1ebbe3e7f19d7c97983",
                "sha256:8fefa2a1a1365bf5520aac41836fbee479da67864514bdb821f31ce07ce65349"
            ],
            "index": "pypi",
            "version": "==2.28.1"
        },
        "scikit-learn": {
            "hashes": [
                "sha256:1c8fecb7c9984d9ec2ea48898229f98aad681a0873e0935f2b7f724fbce4a047",
                "sha256:2b8db962360c93554cab7bb3c096c4a24695da394dd4b3c3f13409f409b425bc",
                "sha256:2f46c6e3ff1054a5ec701646dcfd61d43b8ecac4d416014daed8843cf4c33d4d",
                "sha256:3e7d1fc817867a350133f937aaebcafbc06192517cbdf0cf7e5774ad4d1adb9f",
                "sha256:407e9a1cb9e6ba458a539986a9bd25546a757088095b3aab91d465b79a760d37",
                "sha256:567417dbbe6a6278399c3e6daf1654414a5a1a4d818d28f251fa7fc28730a1bf",
                "sha256:589d46f28460469f444b898223b13d99db9463e1038dc581ba698111f612264b",
                "sha256:5ec3ea40d467966821843210c02117d82b097b54276fdcfb50f4dfb5c60dbe39",
                "sha256:6c840f662b5d3377c4ccb8be1fc21bb52cb5d8b8790f8d6bf021739f84e543cf",
                "sha256:76800652fb6d6bf527bce36ecc2cc25738b28fe1a17bd294a218fff8e8bd6d50",
                "sha256:7c22d1305b16f08d57751a4ea36071e2215efb4c09cb79183faa4e8e82a3dbf8",
                "sha256:a682ec0f82b6f30fb07486daed1c8001b6683cc66b51877644dfc532bece6a18",
                "sha256:a90ca42fe8242fd6ff56cda2fecc5fca586a88a24ab602d275d2d0dcc0b928fb",
                "sha256:b1e706deca9b2ad87ae27dafd5ac4e8eff01b6db492ed5c12cef4735ec5f21ea",
                "sha256:bbef6ea1c012ff9f3e6f6e9ca006b8772d8383e177b898091e68fbd9b3f840f9",
                "sha256:c33e16e9a165af6012f5be530ccfbb672e2bc5f9b840238a05eb7f6694304e3f",
                "sha256:d6f232779023c3b060b80b5c82e5823723bc424dcac1d1a148aa2492c54d245d",
                "sha256:f94c0146bad51daef919c402a3da8c1c6162619653e1c00c92baa168fda292f2"
            ],
            "index": "pypi",
            "version": "==1.1.2"
        },
        "scipy": {
            "hashes": [
                "sha256:0419485dbcd0ed78c0d5bf234c5dd63e86065b39b4d669e45810d42199d49521",
                "sha256:09412eb7fb60b8f00b328037fd814d25d261066ebc43a1e339cdce4f7502877e",
                "sha256:26d28c468900e6d5fdb37d2812ab46db0ccd22c63baa095057871faa3a498bc9",
                "sha256:34441dfbee5b002f9e15285014fd56e5e3372493c3e64ae297bae2c4b9659f5a",
                "sha256:39ab9240cd215a9349c85ab908dda6d732f7d3b4b192fa05780812495536acc4",
                "sha256:3bc1ab68b9a096f368ba06c3a5e1d1d50957a86665fc929c4332d21355e7e8f4",
                "sha256:3c6f5d1d4b9a5e4fe5e14f26ffc9444fc59473bbf8d45dc4a9a15283b7063a72",
                "sha256:47d1a95bd9d37302afcfe1b84c8011377c4f81e33649c5a5785db9ab827a6ade",
                "sha256:71487c503e036740635f18324f62a11f283a632ace9d35933b2b0a04fd898c98",
                "sha256:7a412c476a91b080e456229e413792bbb5d6202865dae963d1e6e28c2bb58691",
                "sha256:825951b88f56765aeb6e5e38ac9d7d47407cfaaeb008d40aa1b45a2d7ea2731e",
                "sha256:8cc81ac25659fec73599ccc52c989670e5ccd8974cf34bacd7b54a8d809aff1a",
                "sha256:8d3faa40ac16c6357aaf7ea50394ea6f1e8e99d75e927a51102b1943b311b4d9",
                "sha256:90c805f30c46cf60f1e76e947574f02954d25e3bb1e97aa8a07bc53aa31cf7d1",
                "sha256:96d7cf7b25c9f23c59a766385f6370dab0659741699ecc7a451f9b94604938ce",
                "sha256:b97b479f39c7e4aaf807efd0424dec74bbb379108f7d22cf09323086afcd312c",
                "sha256:bc4e2c77d4cd015d739e75e74ebbafed59ba8497a7ed0fd400231ed7683497c4",
                "sha256:c61b4a91a702e8e04aeb0bfc40460e1f17a640977c04dda8757efb0199c75332",
                "sha256:d79da472015d0120ba9b357b28a99146cd6c17b9609403164b1a8ed149b4dfc8",
                "sha256:e8fe305d9d67a81255e06203454729405706907dccbdfcc330b7b3482a6c371d",
                "sha256:eb954f5aca4d26f468bbebcdc5448348eb287f7bea536c6306f62ea062f63d9a",
                "sha256:f7c39f7dbb57cce00c108d06d731f3b0e2a4d3a95c66d96bce697684876ce4d4",
                "sha256:f950a04b33e17b38ff561d5a0951caf3f5b47caa841edd772ffb7959f20a6af0"
            ],
            "markers": "python_version < '3.12' and python_version >= '3.8'",
            "version": "==1.9.1"
        },
        "seaborn": {
            "hashes": [
                "sha256:85a6baa9b55f81a0623abddc4a26b334653ff4c6b18c418361de19dbba0ef283",
                "sha256:cf45e9286d40826864be0e3c066f98536982baf701a7caa386511792d61ff4f6"
            ],
            "index": "pypi",
            "version": "==0.11.2"
        },
        "setuptools": {
            "hashes": [
                "sha256:2e24e0bec025f035a2e72cdd1961119f557d78ad331bb00ff82efb2ab8da8e82",
                "sha256:7732871f4f7fa58fb6bdcaeadb0161b2bd046c85905dbaa066bdcbcc81953b57"
            ],
            "markers": "python_version >= '3.7'",
            "version": "==65.3.0"
        },
        "six": {
            "hashes": [
                "sha256:1e61c37477a1626458e36f7b1d82aa5c9b094fa4802892072e49de9c60c4c926",
                "sha256:8abb2f1d86890a2dfb989f9a77cfcfd3e47c2a354b01111771326f8aa26e0254"
            ],
            "markers": "python_version >= '2.7' and python_version not in '3.0, 3.1, 3.2, 3.3'",
            "version": "==1.16.0"
        },
        "sty": {
            "hashes": [
                "sha256:3e3352f05770a37e11c9dfc303cbccb1c6acc13710e15d181cb43be7df89f8ea"
            ],
            "index": "pypi",
            "version": "==1.0.4"
        },
        "termcolor": {
            "hashes": [
                "sha256:1d6d69ce66211143803fbc56652b41d73b4a400a2891d7bf7a1cdf4c02de613b"
            ],
            "version": "==1.1.0"
        },
        "threadpoolctl": {
            "hashes": [
                "sha256:8b99adda265feb6773280df41eece7b2e6561b772d21ffd52e372f999024907b",
                "sha256:a335baacfaa4400ae1f0d8e3a58d6674d2f8828e3716bb2802c44955ad391380"
            ],
            "markers": "python_version >= '3.6'",
            "version": "==3.1.0"
        },
        "tornado": {
            "hashes": [
                "sha256:1d54d13ab8414ed44de07efecb97d4ef7c39f7438cf5e976ccd356bebb1b5fca",
                "sha256:20f638fd8cc85f3cbae3c732326e96addff0a15e22d80f049e00121651e82e72",
                "sha256:5c87076709343557ef8032934ce5f637dbb552efa7b21d08e89ae7619ed0eb23",
                "sha256:5f8c52d219d4995388119af7ccaa0bcec289535747620116a58d830e7c25d8a8",
                "sha256:6fdfabffd8dfcb6cf887428849d30cf19a3ea34c2c248461e1f7d718ad30b66b",
                "sha256:87dcafae3e884462f90c90ecc200defe5e580a7fbbb4365eda7c7c1eb809ebc9",
                "sha256:9b630419bde84ec666bfd7ea0a4cb2a8a651c2d5cccdbdd1972a0c859dfc3c13",
                "sha256:b8150f721c101abdef99073bf66d3903e292d851bee51910839831caba341a75",
                "sha256:ba09ef14ca9893954244fd872798b4ccb2367c165946ce2dd7376aebdde8e3ac",
                "sha256:d3a2f5999215a3a06a4fc218026cd84c61b8b2b40ac5296a6db1f1451ef04c1e",
                "sha256:e5f923aa6a47e133d1cf87d60700889d7eae68988704e20c75fb2d65677a8e4b"
            ],
            "markers": "python_version >= '3.7'",
            "version": "==6.2"
        },
        "tqdm": {
            "hashes": [
                "sha256:40be55d30e200777a307a7585aee69e4eabb46b4ec6a4b4a5f2d9f11e7d5408d",
                "sha256:74a2cdefe14d11442cedf3ba4e21a3b84ff9a2dbdc6cfae2c34addb2a14a5ea6"
            ],
            "index": "pypi",
            "version": "==4.64.0"
        },
        "tzdata": {
            "hashes": [
                "sha256:21f4f0d7241572efa7f7a4fdabb052e61b55dc48274e6842697ccdf5253e5451",
                "sha256:c3119520447d68ef3eb8187a55a4f44fa455f30eb1b4238fa5691ba094f2b05b"
            ],
            "markers": "python_version >= '3.6'",
            "version": "==2022.2"
        },
        "tzlocal": {
            "hashes": [
                "sha256:89885494684c929d9191c57aa27502afc87a579be5cdd3225c77c463ea043745",
                "sha256:ee5842fa3a795f023514ac2d801c4a81d1743bbe642e3940143326b3a00addd7"
            ],
            "markers": "python_version >= '3.6'",
            "version": "==4.2"
        },
        "urllib3": {
            "hashes": [
                "sha256:3fa96cf423e6987997fc326ae8df396db2a8b7c667747d47ddd8ecba91f4a74e",
                "sha256:b930dd878d5a8afb066a637fbb35144fe7901e3b209d1cd4f524bd0e9deee997"
            ],
            "markers": "python_version >= '2.7' and python_version not in '3.0, 3.1, 3.2, 3.3, 3.4, 3.5' and python_version < '4'",
            "version": "==1.26.12"
        }
    },
    "develop": {}
}
